
Microsoft Visual Studio Solution File, Format Version 12.00
# Visual Studio Version 16
VisualStudioVersion = 16.0.31729.503
MinimumVisualStudioVersion = 10.0.40219.1
Project("{9A19103F-16F7-4668-BE54-9A1E7A4F7556}") = "GehennaApi", "Gehenna\GehennaApi.csproj", "{F2977FD8-C944-4E5A-BA1C-C6224374A15E}"
EndProject
Project("{2150E333-8FDC-42A3-9474-1A3956D46DE8}") = "Tests", "Tests", "{AA835D40-1449-476A-858D-E126D2F0DC0D}"
EndProject
Project("{9A19103F-16F7-4668-BE54-9A1E7A4F7556}") = "GehennaApi.Models", "GehennaApi.Models\GehennaApi.Models.csproj", "{C4496B7F-CC37-4ED3-B6C7-99C300250C01}"
EndProject
Project("{2150E333-8FDC-42A3-9474-1A3956D46DE8}") = "API", "API", "{4BF5AFE0-95D0-4DDF-92F8-8D3EA1121430}"
EndProject
Project("{2150E333-8FDC-42A3-9474-1A3956D46DE8}") = "Business", "Business", "{6262BF10-1A32-415A-AE43-6959092207EF}"
EndProject
Project("{9A19103F-16F7-4668-BE54-9A1E7A4F7556}") = "Gehenna.Business", "Gehenna.Business\Gehenna.Business.csproj", "{82279C87-7CD2-4603-9FBB-FE1EDBCAAE85}"
EndProject
Project("{2150E333-8FDC-42A3-9474-1A3956D46DE8}") = "Core", "Core", "{E9B7122D-F5EC-48D6-8F2F-CFEF15BCCACF}"
EndProject
Project("{FAE04EC0-301F-11D3-BF4B-00C04F79EFBC}") = "Gehenna.Models", "Gehenna.Models\Gehenna.Models.csproj", "{15807997-8EE2-4686-A78F-8AE075AC94C4}"
EndProject
Project("{FAE04EC0-301F-11D3-BF4B-00C04F79EFBC}") = "Gehenna.Interfaces", "Gehenna.Interfaces\Gehenna.Interfaces.csproj", "{AFE54C3A-32F7-455E-B3EC-14399C1A0CC0}"
EndProject
Project("{9A19103F-16F7-4668-BE54-9A1E7A4F7556}") = "Gehenna.Business.Tests", "Gehenna.Business.Tests\Gehenna.Business.Tests.csproj", "{ACC21EAA-1B60-4891-8710-352C7D935FF9}"
EndProject
Global
	GlobalSection(SolutionConfigurationPlatforms) = preSolution
		Debug|Any CPU = Debug|Any CPU
		Release|Any CPU = Release|Any CPU
	EndGlobalSection
	GlobalSection(ProjectConfigurationPlatforms) = postSolution
		{F2977FD8-C944-4E5A-BA1C-C6224374A15E}.Debug|Any CPU.ActiveCfg = Debug|Any CPU
		{F2977FD8-C944-4E5A-BA1C-C6224374A15E}.Debug|Any CPU.Build.0 = Debug|Any CPU
		{F2977FD8-C944-4E5A-BA1C-C6224374A15E}.Release|Any CPU.ActiveCfg = Release|Any CPU
		{F2977FD8-C944-4E5A-BA1C-C6224374A15E}.Release|Any CPU.Build.0 = Release|Any CPU
		{C4496B7F-CC37-4ED3-B6C7-99C300250C01}.Debug|Any CPU.ActiveCfg = Debug|Any CPU
		{C4496B7F-CC37-4ED3-B6C7-99C300250C01}.Debug|Any CPU.Build.0 = Debug|Any CPU
		{C4496B7F-CC37-4ED3-B6C7-99C300250C01}.Release|Any CPU.ActiveCfg = Release|Any CPU
		{C4496B7F-CC37-4ED3-B6C7-99C300250C01}.Release|Any CPU.Build.0 = Release|Any CPU
		{82279C87-7CD2-4603-9FBB-FE1EDBCAAE85}.Debug|Any CPU.ActiveCfg = Debug|Any CPU
		{82279C87-7CD2-4603-9FBB-FE1EDBCAAE85}.Debug|Any CPU.Build.0 = Debug|Any CPU
		{82279C87-7CD2-4603-9FBB-FE1EDBCAAE85}.Release|Any CPU.ActiveCfg = Release|Any CPU
		{82279C87-7CD2-4603-9FBB-FE1EDBCAAE85}.Release|Any CPU.Build.0 = Release|Any CPU
		{15807997-8EE2-4686-A78F-8AE075AC94C4}.Debug|Any CPU.ActiveCfg = Debug|Any CPU
		{15807997-8EE2-4686-A78F-8AE075AC94C4}.Debug|Any CPU.Build.0 = Debug|Any CPU
		{15807997-8EE2-4686-A78F-8AE075AC94C4}.Release|Any CPU.ActiveCfg = Release|Any CPU
		{15807997-8EE2-4686-A78F-8AE075AC94C4}.Release|Any CPU.Build.0 = Release|Any CPU
		{AFE54C3A-32F7-455E-B3EC-14399C1A0CC0}.Debug|Any CPU.ActiveCfg = Debug|Any CPU
		{AFE54C3A-32F7-455E-B3EC-14399C1A0CC0}.Debug|Any CPU.Build.0 = Debug|Any CPU
		{AFE54C3A-32F7-455E-B3EC-14399C1A0CC0}.Release|Any CPU.ActiveCfg = Release|Any CPU
		{AFE54C3A-32F7-455E-B3EC-14399C1A0CC0}.Release|Any CPU.Build.0 = Release|Any CPU
		{ACC21EAA-1B60-4891-8710-352C7D935FF9}.Debug|Any CPU.ActiveCfg = Debug|Any CPU
		{ACC21EAA-1B60-4891-8710-352C7D935FF9}.Debug|Any CPU.Build.0 = Debug|Any CPU
		{ACC21EAA-1B60-4891-8710-352C7D935FF9}.Release|Any CPU.ActiveCfg = Release|Any CPU
		{ACC21EAA-1B60-4891-8710-352C7D935FF9}.Release|Any CPU.Build.0 = Release|Any CPU
	EndGlobalSection
	GlobalSection(SolutionProperties) = preSolution
		HideSolutionNode = FALSE
	EndGlobalSection
	GlobalSection(NestedProjects) = preSolution
		{F2977FD8-C944-4E5A-BA1C-C6224374A15E} = {4BF5AFE0-95D0-4DDF-92F8-8D3EA1121430}
		{C4496B7F-CC37-4ED3-B6C7-99C300250C01} = {4BF5AFE0-95D0-4DDF-92F8-8D3EA1121430}
		{82279C87-7CD2-4603-9FBB-FE1EDBCAAE85} = {6262BF10-1A32-415A-AE43-6959092207EF}
		{15807997-8EE2-4686-A78F-8AE075AC94C4} = {E9B7122D-F5EC-48D6-8F2F-CFEF15BCCACF}
		{AFE54C3A-32F7-455E-B3EC-14399C1A0CC0} = {E9B7122D-F5EC-48D6-8F2F-CFEF15BCCACF}
		{ACC21EAA-1B60-4891-8710-352C7D935FF9} = {AA835D40-1449-476A-858D-E126D2F0DC0D}
	EndGlobalSection
	GlobalSection(ExtensibilityGlobals) = postSolution
		SolutionGuid = {019A4323-F87F-4662-8145-FF1F75C9C03D}
	EndGlobalSection
EndGlobal
